
Microsoft Visual Studio Solution File, Format Version 12.00
# Visual Studio Version 16
VisualStudioVersion = 16.0.28922.388
MinimumVisualStudioVersion = 10.0.40219.1
Project("{9A19103F-16F7-4668-BE54-9A1E7A4F7556}") = "Bucket.Admin.Web", "Bucket.Admin.Web\Bucket.Admin.Web.csproj", "{F3E15C59-9D32-4463-890C-5821101D3934}"
EndProject
Project("{9A19103F-16F7-4668-BE54-9A1E7A4F7556}") = "Bucket.Admin.Dto", "Bucket.Admin.Dto\Bucket.Admin.Dto.csproj", "{3A29976D-97D7-4E31-98A1-E48FBCF0F84D}"
EndProject
Project("{9A19103F-16F7-4668-BE54-9A1E7A4F7556}") = "Bucket.Admin.ViewModel", "Bucket.Admin.ViewModel\Bucket.Admin.ViewModel.csproj", "{55DEA96C-6735-48C3-955A-2DDE2A7B3ADB}"
EndProject
Project("{9A19103F-16F7-4668-BE54-9A1E7A4F7556}") = "Bucket.Admin.Model", "Bucket.Admin.Model\Bucket.Admin.Model.csproj", "{413E2F69-BA39-403B-B335-2BDFDA72D1B1}"
EndProject
Project("{9A19103F-16F7-4668-BE54-9A1E7A4F7556}") = "Bucket.Admin.IServices", "Bucket.Admin.IServices\Bucket.Admin.IServices.csproj", "{CAD546CF-BA8E-4491-AE75-FE61C32D5F4C}"
EndProject
Project("{FAE04EC0-301F-11D3-BF4B-00C04F79EFBC}") = "Bucket.Admin.Services", "Bucket.Admin.Services\Bucket.Admin.Services.csproj", "{5AB9E90F-8FC8-4103-951E-64E196605F77}"
EndProject
Global
	GlobalSection(SolutionConfigurationPlatforms) = preSolution
		Debug|Any CPU = Debug|Any CPU
		Release|Any CPU = Release|Any CPU
	EndGlobalSection
	GlobalSection(ProjectConfigurationPlatforms) = postSolution
		{F3E15C59-9D32-4463-890C-5821101D3934}.Debug|Any CPU.ActiveCfg = Debug|Any CPU
		{F3E15C59-9D32-4463-890C-5821101D3934}.Debug|Any CPU.Build.0 = Debug|Any CPU
		{F3E15C59-9D32-4463-890C-5821101D3934}.Release|Any CPU.ActiveCfg = Release|Any CPU
		{F3E15C59-9D32-4463-890C-5821101D3934}.Release|Any CPU.Build.0 = Release|Any CPU
		{3A29976D-97D7-4E31-98A1-E48FBCF0F84D}.Debug|Any CPU.ActiveCfg = Debug|Any CPU
		{3A29976D-97D7-4E31-98A1-E48FBCF0F84D}.Debug|Any CPU.Build.0 = Debug|Any CPU
		{3A29976D-97D7-4E31-98A1-E48FBCF0F84D}.Release|Any CPU.ActiveCfg = Release|Any CPU
		{3A29976D-97D7-4E31-98A1-E48FBCF0F84D}.Release|Any CPU.Build.0 = Release|Any CPU
		{55DEA96C-6735-48C3-955A-2DDE2A7B3ADB}.Debug|Any CPU.ActiveCfg = Debug|Any CPU
		{55DEA96C-6735-48C3-955A-2DDE2A7B3ADB}.Debug|Any CPU.Build.0 = Debug|Any CPU
		{55DEA96C-6735-48C3-955A-2DDE2A7B3ADB}.Release|Any CPU.ActiveCfg = Release|Any CPU
		{55DEA96C-6735-48C3-955A-2DDE2A7B3ADB}.Release|Any CPU.Build.0 = Release|Any CPU
		{413E2F69-BA39-403B-B335-2BDFDA72D1B1}.Debug|Any CPU.ActiveCfg = Debug|Any CPU
		{413E2F69-BA39-403B-B335-2BDFDA72D1B1}.Debug|Any CPU.Build.0 = Debug|Any CPU
		{413E2F69-BA39-403B-B335-2BDFDA72D1B1}.Release|Any CPU.ActiveCfg = Release|Any CPU
		{413E2F69-BA39-403B-B335-2BDFDA72D1B1}.Release|Any CPU.Build.0 = Release|Any CPU
		{CAD546CF-BA8E-4491-AE75-FE61C32D5F4C}.Debug|Any CPU.ActiveCfg = Debug|Any CPU
		{CAD546CF-BA8E-4491-AE75-FE61C32D5F4C}.Debug|Any CPU.Build.0 = Debug|Any CPU
		{CAD546CF-BA8E-4491-AE75-FE61C32D5F4C}.Release|Any CPU.ActiveCfg = Release|Any CPU
		{CAD546CF-BA8E-4491-AE75-FE61C32D5F4C}.Release|Any CPU.Build.0 = Release|Any CPU
		{5AB9E90F-8FC8-4103-951E-64E196605F77}.Debug|Any CPU.ActiveCfg = Debug|Any CPU
		{5AB9E90F-8FC8-4103-951E-64E196605F77}.Debug|Any CPU.Build.0 = Debug|Any CPU
		{5AB9E90F-8FC8-4103-951E-64E196605F77}.Release|Any CPU.ActiveCfg = Release|Any CPU
		{5AB9E90F-8FC8-4103-951E-64E196605F77}.Release|Any CPU.Build.0 = Release|Any CPU
	EndGlobalSection
	GlobalSection(SolutionProperties) = preSolution
		HideSolutionNode = FALSE
	EndGlobalSection
	GlobalSection(ExtensibilityGlobals) = postSolution
		SolutionGuid = {46F79FF3-230E-471B-985B-C868E78930B3}
	EndGlobalSection
EndGlobal
